
Microsoft Visual Studio Solution File, Format Version 12.00
# Visual Studio Version 17
VisualStudioVersion = 17.5.002.0
MinimumVisualStudioVersion = 10.0.40219.1
Project("{9A19103F-16F7-4668-BE54-9A1E7A4F7556}") = "Prime", "Prime.csproj", "{FA35D3A6-82CF-41E4-ABB2-2FB8FF757681}"
EndProject
Global
	GlobalSection(SolutionConfigurationPlatforms) = preSolution
		Debug|Any CPU = Debug|Any CPU
		Release|Any CPU = Release|Any CPU
	EndGlobalSection
	GlobalSection(ProjectConfigurationPlatforms) = postSolution
		{FA35D3A6-82CF-41E4-ABB2-2FB8FF757681}.Debug|Any CPU.ActiveCfg = Debug|Any CPU
		{FA35D3A6-82CF-41E4-ABB2-2FB8FF757681}.Debug|Any CPU.Build.0 = Debug|Any CPU
		{FA35D3A6-82CF-41E4-ABB2-2FB8FF757681}.Release|Any CPU.ActiveCfg = Release|Any CPU
		{FA35D3A6-82CF-41E4-ABB2-2FB8FF757681}.Release|Any CPU.Build.0 = Release|Any CPU
	EndGlobalSection
	GlobalSection(SolutionProperties) = preSolution
		HideSolutionNode = FALSE
	EndGlobalSection
	GlobalSection(ExtensibilityGlobals) = postSolution
		SolutionGuid = {CD5C5BA5-44D3-4746-8FCC-8855466C6032}
	EndGlobalSection
EndGlobal
